
Microsoft Visual Studio Solution File, Format Version 12.00
# Visual Studio Version 16
VisualStudioVersion = 16.0.31424.327
MinimumVisualStudioVersion = 10.0.40219.1
Project("{FAE04EC0-301F-11D3-BF4B-00C04F79EFBC}") = "Loto.Core", "Loto.Core\Loto.Core.csproj", "{388ED2FC-BBB4-4495-BC5E-408B08DA7AEF}"
EndProject
Project("{FAE04EC0-301F-11D3-BF4B-00C04F79EFBC}") = "Loto.ConsoleUI", "Loto.ConsoleUI\Loto.ConsoleUI.csproj", "{B2768A8D-1E85-4A38-AF97-CA7152321A94}"
EndProject
Project("{FAE04EC0-301F-11D3-BF4B-00C04F79EFBC}") = "Loto.WinUI", "Loto.WinUI\Loto.WinUI.csproj", "{0BF6E0EA-841B-4AD3-9DD6-D5A1029DE42F}"
EndProject
Global
	GlobalSection(SolutionConfigurationPlatforms) = preSolution
		Debug|Any CPU = Debug|Any CPU
		Release|Any CPU = Release|Any CPU
	EndGlobalSection
	GlobalSection(ProjectConfigurationPlatforms) = postSolution
		{388ED2FC-BBB4-4495-BC5E-408B08DA7AEF}.Debug|Any CPU.ActiveCfg = Debug|Any CPU
		{388ED2FC-BBB4-4495-BC5E-408B08DA7AEF}.Debug|Any CPU.Build.0 = Debug|Any CPU
		{388ED2FC-BBB4-4495-BC5E-408B08DA7AEF}.Release|Any CPU.ActiveCfg = Release|Any CPU
		{388ED2FC-BBB4-4495-BC5E-408B08DA7AEF}.Release|Any CPU.Build.0 = Release|Any CPU
		{B2768A8D-1E85-4A38-AF97-CA7152321A94}.Debug|Any CPU.ActiveCfg = Debug|Any CPU
		{B2768A8D-1E85-4A38-AF97-CA7152321A94}.Debug|Any CPU.Build.0 = Debug|Any CPU
		{B2768A8D-1E85-4A38-AF97-CA7152321A94}.Release|Any CPU.ActiveCfg = Release|Any CPU
		{B2768A8D-1E85-4A38-AF97-CA7152321A94}.Release|Any CPU.Build.0 = Release|Any CPU
		{0BF6E0EA-841B-4AD3-9DD6-D5A1029DE42F}.Debug|Any CPU.ActiveCfg = Debug|Any CPU
		{0BF6E0EA-841B-4AD3-9DD6-D5A1029DE42F}.Debug|Any CPU.Build.0 = Debug|Any CPU
		{0BF6E0EA-841B-4AD3-9DD6-D5A1029DE42F}.Release|Any CPU.ActiveCfg = Release|Any CPU
		{0BF6E0EA-841B-4AD3-9DD6-D5A1029DE42F}.Release|Any CPU.Build.0 = Release|Any CPU
	EndGlobalSection
	GlobalSection(SolutionProperties) = preSolution
		HideSolutionNode = FALSE
	EndGlobalSection
	GlobalSection(ExtensibilityGlobals) = postSolution
		SolutionGuid = {064BFDE0-D3F2-4CC0-95B1-BB4E2C263DDC}
	EndGlobalSection
EndGlobal
